PODS:
  - Alamofire (4.7.1)
  - DeviceKit (1.4.0)
  - Dwifft (0.8)
  - PromiseKit (4.5.2):
    - PromiseKit/Foundation (= 4.5.2)
    - PromiseKit/QuartzCore (= 4.5.2)
    - PromiseKit/UIKit (= 4.5.2)
  - PromiseKit/CorePromise (4.5.2)
  - PromiseKit/Foundation (4.5.2):
    - PromiseKit/CorePromise
  - PromiseKit/QuartzCore (4.5.2):
    - PromiseKit/CorePromise
  - PromiseKit/UIKit (4.5.2):
    - PromiseKit/CorePromise
  - SteviaLayout (4.3.0)
  - SwiftyJSON (4.0.0)

DEPENDENCIES:
  - Alamofire (= 4.7.1)
  - DeviceKit (= 1.4.0)
  - Dwifft (= 0.8)
  - PromiseKit (= 4.5.2)
  - SteviaLayout (= 4.3.0)
  - SwiftyJSON (= 4.0.0)

SPEC REPOS:
  https://github.com/cocoapods/specs.git:
    - Alamofire
    - DeviceKit
    - Dwifft
    - PromiseKit
    - SteviaLayout
    - SwiftyJSON

SPEC CHECKSUMS:
  Alamofire: 68d7d521118d49c615a8d2214d87cdf525599d30
  DeviceKit: fa74d97499660e88081718b16688e19217595dba
  Dwifft: 463e61d07322fdf83b32ee6975ca1b20708db746
  PromiseKit: 743e497a5f505a470d3bbbf4ce0663c1268af0a4
  SteviaLayout: 4237718d4e9eaea2d530bd1426637735a7e19de6
  SwiftyJSON: 070dabdcb1beb81b247c65ffa3a79dbbfb3b48aa

PODFILE CHECKSUM: 8938020e33270994ad01357a95685be48eeffd64

COCOAPODS: 1.5.3
